{
  "lockfileVersion": 1,
  "configVersion": 1,
  "workspaces": {
    "": {
      "name": "ex-from-outside",
      "dependencies": {
        "starknet": "^9.2.1",
      },
      "devDependencies": {
        "@types/bun": "latest",
      },
      "peerDependencies": {
        "typescript": "^5",
      },
    },
  },
  "packages": {
    "@adraffy/ens-normalize": ["@adraffy/ens-normalize@1.11.1", "", {}, "sha512-nhCBV3quEgesuf7c7KYfperqSS14T8bYuvJ8PcLJp6znkZpFc0AuW4qBtr8eKVyPPe/8RSr7sglCWPU5eaxwKQ=="],

    "@noble/curves": ["@noble/curves@1.7.0", "", { "dependencies": { "@noble/hashes": "1.6.0" } }, "sha512-UTMhXK9SeDhFJVrHeUJ5uZlI6ajXg10O6Ddocf9S6GjbSBVZsJo88HzKwXznNfGpMTRDyJkqMjNDPYgf0qFWnw=="],

    "@noble/hashes": ["@noble/hashes@1.6.1", "", {}, "sha512-pq5D8h10hHBjyqX+cfBm0i8JUXJ0UhczFc4r74zbuT9XgewFo2E3J1cOaGtdZynILNmQ685YWGzGE1Zv6io50w=="],

    "@scure/base": ["@scure/base@1.2.6", "", {}, "sha512-g/nm5FgUa//MCj1gV09zTJTaM6KBAHqLN907YVQqf7zC49+DcO4B1so4ZX07Ef10Twr6nuqYEH9GEggFXA4Fmg=="],

    "@scure/bip32": ["@scure/bip32@1.7.0", "", { "dependencies": { "@noble/curves": "~1.9.0", "@noble/hashes": "~1.8.0", "@scure/base": "~1.2.5" } }, "sha512-E4FFX/N3f4B80AKWp5dP6ow+flD1LQZo/w8UnLGYZO674jS6YnYeepycOOksv+vLPSpgN35wgKgy+ybfTb2SMw=="],

    "@scure/bip39": ["@scure/bip39@1.6.0", "", { "dependencies": { "@noble/hashes": "~1.8.0", "@scure/base": "~1.2.5" } }, "sha512-+lF0BbLiJNwVlev4eKelw1WWLaiKXw7sSl8T6FvBlWkdX+94aGJ4o8XjUdlyhTCjd8c+B3KT3JfS8P0bLRNU6A=="],

    "@scure/starknet": ["@scure/starknet@1.1.0", "", { "dependencies": { "@noble/curves": "~1.7.0", "@noble/hashes": "~1.6.0" } }, "sha512-83g3M6Ix2qRsPN4wqLDqiRZ2GBNbjVWfboJE/9UjfG+MHr6oDSu/CWgy8hsBSJejr09DkkL+l0Ze4KVrlCIdtQ=="],

    "@starknet-io/get-starknet-wallet-standard": ["@starknet-io/get-starknet-wallet-standard@5.0.0", "", { "dependencies": { "@starknet-io/types-js": "^0.7.10", "@wallet-standard/base": "^1.1.0", "@wallet-standard/features": "^1.1.0", "ox": "^0.4.4" } }, "sha512-isDNGDlp16W24HE4IuweYXLDRZN0JbsDnazAieeKXE87Mn+jqhsjgTsMxcwWTjX7v906Bjz39FiDjGUddnr36g=="],

    "@starknet-io/starknet-types-010": ["@starknet-io/types-js@0.10.0", "", {}, "sha512-7ALSydz6pq3YIOpq5a7OkkxqwJciMc9Nlph0OGjhcC3xX0xH30XgizmziLyYVN10oO9+BJk8M9KbJjpzdbtRSw=="],

    "@starknet-io/starknet-types-09": ["@starknet-io/types-js@0.9.2", "", {}, "sha512-vWOc0FVSn+RmabozIEWcEny1I73nDGTvOrLYJsR1x7LGA3AZmqt4i/aW69o/3i2NN5CVP8Ok6G1ayRQJKye3Wg=="],

    "@starknet-io/types-js": ["@starknet-io/types-js@0.7.10", "", {}, "sha512-1VtCqX4AHWJlRRSYGSn+4X1mqolI1Tdq62IwzoU2vUuEE72S1OlEeGhpvd6XsdqXcfHmVzYfj8k1XtKBQqwo9w=="],

    "@types/bun": ["@types/bun@1.3.6", "", { "dependencies": { "bun-types": "1.3.6" } }, "sha512-uWCv6FO/8LcpREhenN1d1b6fcspAB+cefwD7uti8C8VffIv0Um08TKMn98FynpTiU38+y2dUO55T11NgDt8VAA=="],

    "@types/node": ["@types/node@25.0.10", "", { "dependencies": { "undici-types": "~7.16.0" } }, "sha512-zWW5KPngR/yvakJgGOmZ5vTBemDoSqF3AcV/LrO5u5wTWyEAVVh+IT39G4gtyAkh3CtTZs8aX/yRM82OfzHJRg=="],

    "@wallet-standard/base": ["@wallet-standard/base@1.1.0", "", {}, "sha512-DJDQhjKmSNVLKWItoKThJS+CsJQjR9AOBOirBVT1F9YpRyC9oYHE+ZnSf8y8bxUphtKqdQMPVQ2mHohYdRvDVQ=="],

    "@wallet-standard/features": ["@wallet-standard/features@1.1.0", "", { "dependencies": { "@wallet-standard/base": "^1.1.0" } }, "sha512-hiEivWNztx73s+7iLxsuD1sOJ28xtRix58W7Xnz4XzzA/pF0+aicnWgjOdA10doVDEDZdUuZCIIqG96SFNlDUg=="],

    "abi-wan-kanabi": ["abi-wan-kanabi@2.2.4", "", { "dependencies": { "ansicolors": "^0.3.2", "cardinal": "^2.1.1", "fs-extra": "^10.0.0", "yargs": "^17.7.2" }, "bin": { "generate": "dist/generate.js" } }, "sha512-0aA81FScmJCPX+8UvkXLki3X1+yPQuWxEkqXBVKltgPAK79J+NB+Lp5DouMXa7L6f+zcRlIA/6XO7BN/q9fnvg=="],

    "abitype": ["abitype@1.2.3", "", { "peerDependencies": { "typescript": ">=5.0.4", "zod": "^3.22.0 || ^4.0.0" }, "optionalPeers": ["typescript", "zod"] }, "sha512-Ofer5QUnuUdTFsBRwARMoWKOH1ND5ehwYhJ3OJ/BQO+StkwQjHw0XyVh4vDttzHB7QOFhPHa/o413PJ82gU/Tg=="],

    "ansi-regex": ["ansi-regex@5.0.1", "", {}, "sha512-quJQXlTSUGL2LH9SUXo8VwsY4soanhgo6LNSm84E1LBcE8s3O0wpdiRzyR9z/ZZJMlMWv37qOOb9pdJlMUEKFQ=="],

    "ansi-styles": ["ansi-styles@4.3.0", "", { "dependencies": { "color-convert": "^2.0.1" } }, "sha512-zbB9rCJAT1rbjiVDb2hqKFHNYLxgtk8NURxZ3IZwD3F6NtxbXZQCnnSi1Lkx+IDohdPlFp222wVALIheZJQSEg=="],

    "ansicolors": ["ansicolors@0.3.2", "", {}, "sha512-QXu7BPrP29VllRxH8GwB7x5iX5qWKAAMLqKQGWTeLWVlNHNOpVMJ91dsxQAIWXpjuW5wqvxu3Jd/nRjrJ+0pqg=="],

    "bun-types": ["bun-types@1.3.6", "", { "dependencies": { "@types/node": "*" } }, "sha512-OlFwHcnNV99r//9v5IIOgQ9Uk37gZqrNMCcqEaExdkVq3Avwqok1bJFmvGMCkCE0FqzdY8VMOZpfpR3lwI+CsQ=="],

    "cardinal": ["cardinal@2.1.1", "", { "dependencies": { "ansicolors": "~0.3.2", "redeyed": "~2.1.0" }, "bin": { "cdl": "./bin/cdl.js" } }, "sha512-JSr5eOgoEymtYHBjNWyjrMqet9Am2miJhlfKNdqLp6zoeAh0KN5dRAcxlecj5mAJrmQomgiOBj35xHLrFjqBpw=="],

    "cliui": ["cliui@8.0.1", "", { "dependencies": { "string-width": "^4.2.0", "strip-ansi": "^6.0.1", "wrap-ansi": "^7.0.0" } }, "sha512-BSeNnyus75C4//NQ9gQt1/csTXyo/8Sb+afLAkzAptFuMsod9HFokGNudZpi/oQV73hnVK+sR+5PVRMd+Dr7YQ=="],

    "color-convert": ["color-convert@2.0.1", "", { "dependencies": { "color-name": "~1.1.4" } }, "sha512-RRECPsj7iu/xb5oKYcsFHSppFNnsj/52OVTRKb4zP5onXwVF3zVmmToNcOfGC+CRDpfK/U584fMg38ZHCaElKQ=="],

    "color-name": ["color-name@1.1.4", "", {}, "sha512-dOy+3AuW3a2wNbZHIuMZpTcgjGuLU/uBL/ubcZF9OXbDo8ff4O8yVp5Bf0efS8uEoYo5q4Fx7dY9OgQGXgAsQA=="],

    "emoji-regex": ["emoji-regex@8.0.0", "", {}, "sha512-MSjYzcWNOA0ewAHpz0MxpYFvwg6yjy1NG3xteoqz644VCo/RPgnr1/GGt+ic3iJTzQ8Eu3TdM14SawnVUmGE6A=="],

    "escalade": ["escalade@3.2.0", "", {}, "sha512-WUj2qlxaQtO4g6Pq5c29GTcWGDyd8itL8zTlipgECz3JesAiiOKotd8JU6otB3PACgG6xkJUyVhboMS+bje/jA=="],

    "esprima": ["esprima@4.0.1", "", { "bin": { "esparse": "./bin/esparse.js", "esvalidate": "./bin/esvalidate.js" } }, "sha512-eGuFFw7Upda+g4p+QHvnW0RyTX/SVeJBDM/gCtMARO0cLuT2HcEKnTPvhjV6aGeqrCB/sbNop0Kszm0jsaWU4A=="],

    "eventemitter3": ["eventemitter3@5.0.1", "", {}, "sha512-GWkBvjiSZK87ELrYOSESUYeVIc9mvLLf/nXalMOS5dYrgZq9o5OVkbZAVM06CVxYsCwH9BDZFPlQTlPA1j4ahA=="],

    "fs-extra": ["fs-extra@10.1.0", "", { "dependencies": { "graceful-fs": "^4.2.0", "jsonfile": "^6.0.1", "universalify": "^2.0.0" } }, "sha512-oRXApq54ETRj4eMiFzGnHWGy+zo5raudjuxN0b8H7s/RU2oW0Wvsx9O0ACRN/kRq9E8Vu/ReskGB5o3ji+FzHQ=="],

    "get-caller-file": ["get-caller-file@2.0.5", "", {}, "sha512-DyFP3BM/3YHTQOCUL/w0OZHR0lpKeGrxotcHWcqNEdnltqFwXVfhEBQ94eIo34AfQpo0rGki4cyIiftY06h2Fg=="],

    "graceful-fs": ["graceful-fs@4.2.11", "", {}, "sha512-RbJ5/jmFcNNCcDV5o9eTnBLJ/HszWV0P73bc+Ff4nS/rJj+YaS6IGyiOL0VoBYX+l1Wrl3k63h/KrH+nhJ0XvQ=="],

    "is-fullwidth-code-point": ["is-fullwidth-code-point@3.0.0", "", {}, "sha512-zymm5+u+sCsSWyD9qNaejV3DFvhCKclKdizYaJUuHA83RLjb7nSuGnddCHGv0hk+KY7BMAlsWeK4Ueg6EV6XQg=="],

    "jsonfile": ["jsonfile@6.2.0", "", { "dependencies": { "universalify": "^2.0.0" }, "optionalDependencies": { "graceful-fs": "^4.1.6" } }, "sha512-FGuPw30AdOIUTRMC2OMRtQV+jkVj2cfPqSeWXv1NEAJ1qZ5zb1X6z1mFhbfOB/iy3ssJCD+3KuZ8r8C3uVFlAg=="],

    "lossless-json": ["lossless-json@4.3.0", "", {}, "sha512-ToxOC+SsduRmdSuoLZLYAr5zy1Qu7l5XhmPWM3zefCZ5IcrzW/h108qbJUKfOlDlhvhjUK84+8PSVX0kxnit0g=="],

    "ox": ["ox@0.4.4", "", { "dependencies": { "@adraffy/ens-normalize": "^1.10.1", "@noble/curves": "^1.6.0", "@noble/hashes": "^1.5.0", "@scure/bip32": "^1.5.0", "@scure/bip39": "^1.4.0", "abitype": "^1.0.6", "eventemitter3": "5.0.1" }, "peerDependencies": { "typescript": ">=5.4.0" }, "optionalPeers": ["typescript"] }, "sha512-oJPEeCDs9iNiPs6J0rTx+Y0KGeCGyCAA3zo94yZhm8G5WpOxrwUtn2Ie/Y8IyARSqqY/j9JTKA3Fc1xs1DvFnw=="],

    "pako": ["pako@2.1.0", "", {}, "sha512-w+eufiZ1WuJYgPXbV/PO3NCMEc3xqylkKHzp8bxp1uW4qaSNQUkwmLLEc3kKsfz8lpV1F8Ht3U1Cm+9Srog2ug=="],

    "redeyed": ["redeyed@2.1.1", "", { "dependencies": { "esprima": "~4.0.0" } }, "sha512-FNpGGo1DycYAdnrKFxCMmKYgo/mILAqtRYbkdQD8Ep/Hk2PQ5+aEAEx+IU713RTDmuBaH0c8P5ZozurNu5ObRQ=="],

    "require-directory": ["require-directory@2.1.1", "", {}, "sha512-fGxEI7+wsG9xrvdjsrlmL22OMTTiHRwAMroiEeMgq8gzoLC/PQr7RsRDSTLUg/bZAZtF+TVIkHc6/4RIKrui+Q=="],

    "starknet": ["starknet@9.2.1", "", { "dependencies": { "@noble/curves": "~1.7.0", "@noble/hashes": "~1.6.0", "@scure/base": "~1.2.1", "@scure/starknet": "1.1.0", "@starknet-io/get-starknet-wallet-standard": "^5.0.0", "@starknet-io/starknet-types-010": "npm:@starknet-io/types-js@0.10.0", "@starknet-io/starknet-types-09": "npm:@starknet-io/types-js@~0.9.1", "abi-wan-kanabi": "2.2.4", "lossless-json": "^4.2.0", "pako": "^2.0.4", "ts-mixer": "^6.0.3" } }, "sha512-bFJY2sMZ9tsLBhPCm719MWjoz+doabXIwPX/xtW56EHwAJMRAS6mICF6H2dCwOQHJmCMKpOSFBwW0SaiHzcioQ=="],

    "string-width": ["string-width@4.2.3", "", { "dependencies": { "emoji-regex": "^8.0.0", "is-fullwidth-code-point": "^3.0.0", "strip-ansi": "^6.0.1" } }, "sha512-wKyQRQpjJ0sIp62ErSZdGsjMJWsap5oRNihHhu6G7JVO/9jIB6UyevL+tXuOqrng8j/cxKTWyWUwvSTriiZz/g=="],

    "strip-ansi": ["strip-ansi@6.0.1", "", { "dependencies": { "ansi-regex": "^5.0.1" } }, "sha512-Y38VPSHcqkFrCpFnQ9vuSXmquuv5oXOKpGeT6aGrr3o3Gc9AlVa6JBfUSOCnbxGGZF+/0ooI7KrPuUSztUdU5A=="],

    "ts-mixer": ["ts-mixer@6.0.4", "", {}, "sha512-ufKpbmrugz5Aou4wcr5Wc1UUFWOLhq+Fm6qa6P0w0K5Qw2yhaUoiWszhCVuNQyNwrlGiscHOmqYoAox1PtvgjA=="],

    "typescript": ["typescript@5.9.3", "", { "bin": { "tsc": "bin/tsc", "tsserver": "bin/tsserver" } }, "sha512-jl1vZzPDinLr9eUt3J/t7V6FgNEw9QjvBPdysz9KfQDD41fQrC2Y4vKQdiaUpFT4bXlb1RHhLpp8wtm6M5TgSw=="],

    "undici-types": ["undici-types@7.16.0", "", {}, "sha512-Zz+aZWSj8LE6zoxD+xrjh4VfkIG8Ya6LvYkZqtUQGJPZjYl53ypCaUwWqo7eI0x66KBGeRo+mlBEkMSeSZ38Nw=="],

    "universalify": ["universalify@2.0.1", "", {}, "sha512-gptHNQghINnc/vTGIk0SOFGFNXw7JVrlRUtConJRlvaw6DuX0wO5Jeko9sWrMBhh+PsYAZ7oXAiOnf/UKogyiw=="],

    "wrap-ansi": ["wrap-ansi@7.0.0", "", { "dependencies": { "ansi-styles": "^4.0.0", "string-width": "^4.1.0", "strip-ansi": "^6.0.0" } }, "sha512-YVGIj2kamLSTxw6NsZjoBxfSwsn0ycdesmc4p+Q21c5zPuZ1pl+NfxVdxPtdHvmNVOQ6XSYG4AUtyt/Fi7D16Q=="],

    "y18n": ["y18n@5.0.8", "", {}, "sha512-0pfFzegeDWJHJIAmTLRP2DwHjdF5s7jo9tuztdQxAhINCdvS+3nGINqPd00AphqJR/0LhANUS6/+7SCb98YOfA=="],

    "yargs": ["yargs@17.7.2", "", { "dependencies": { "cliui": "^8.0.1", "escalade": "^3.1.1", "get-caller-file": "^2.0.5", "require-directory": "^2.1.1", "string-width": "^4.2.3", "y18n": "^5.0.5", "yargs-parser": "^21.1.1" } }, "sha512-7dSzzRQ++CKnNI/krKnYRV7JKKPUXMEh61soaHKg9mrWEhzFWhFnxPxGl+69cD1Ou63C13NUPCnmIcrvqCuM6w=="],

    "yargs-parser": ["yargs-parser@21.1.1", "", {}, "sha512-tVpsJW7DdjecAiFpbIB1e3qxIQsE6NoPc5/eTdrbbIC4h0LVsWhnoa3g+m2HclBIujHzsxZ4VJVA+GUuc2/LBw=="],

    "@noble/curves/@noble/hashes": ["@noble/hashes@1.6.0", "", {}, "sha512-YUULf0Uk4/mAA89w+k3+yUYh6NrEvxZa5T6SY3wlMvE2chHkxFUUIDI8/XW1QSC357iA5pSnqt7XEhvFOqmDyQ=="],

    "@scure/bip32/@noble/curves": ["@noble/curves@1.9.7", "", { "dependencies": { "@noble/hashes": "1.8.0" } }, "sha512-gbKGcRUYIjA3/zCCNaWDciTMFI0dCkvou3TL8Zmy5Nc7sJ47a0jtOeZoTaMxkuqRo9cRhjOdZJXegxYE5FN/xw=="],

    "@scure/bip32/@noble/hashes": ["@noble/hashes@1.8.0", "", {}, "sha512-jCs9ldd7NwzpgXDIf6P3+NrHh9/sD6CQdxHyjQI+h/6rDNo88ypBxxz45UDuZHz9r3tNz7N/VInSVoVdtXEI4A=="],

    "@scure/bip39/@noble/hashes": ["@noble/hashes@1.8.0", "", {}, "sha512-jCs9ldd7NwzpgXDIf6P3+NrHh9/sD6CQdxHyjQI+h/6rDNo88ypBxxz45UDuZHz9r3tNz7N/VInSVoVdtXEI4A=="],
  }
}
